
Microsoft Visual Studio Solution File, Format Version 12.00
# Visual Studio 15
VisualStudioVersion = 15.0.28307.539
MinimumVisualStudioVersion = 10.0.40219.1
Project("{FAE04EC0-301F-11D3-BF4B-00C04F79EFBC}") = "App1", "App1\App1.csproj", "{17CDA932-F8C1-4B7A-A5A9-9766647A736D}"
EndProject
Global
	GlobalSection(SolutionConfigurationPlatforms) = preSolution
		Debug|ARM = Debug|ARM
		Debug|ARM64 = Debug|ARM64
		Debug|x64 = Debug|x64
		Debug|x86 = Debug|x86
		Release|ARM = Release|ARM
		Release|ARM64 = Release|ARM64
		Release|x64 = Release|x64
		Release|x86 = Release|x86
	EndGlobalSection
	GlobalSection(ProjectConfigurationPlatforms) = postSolution
		{17CDA932-F8C1-4B7A-A5A9-9766647A736D}.Debug|ARM.ActiveCfg = Debug|ARM
		{17CDA932-F8C1-4B7A-A5A9-9766647A736D}.Debug|ARM.Build.0 = Debug|ARM
		{17CDA932-F8C1-4B7A-A5A9-9766647A736D}.Debug|ARM.Deploy.0 = Debug|ARM
		{17CDA932-F8C1-4B7A-A5A9-9766647A736D}.Debug|ARM64.ActiveCfg = Debug|ARM64
		{17CDA932-F8C1-4B7A-A5A9-9766647A736D}.Debug|ARM64.Build.0 = Debug|ARM64
		{17CDA932-F8C1-4B7A-A5A9-9766647A736D}.Debug|ARM64.Deploy.0 = Debug|ARM64
		{17CDA932-F8C1-4B7A-A5A9-9766647A736D}.Debug|x64.ActiveCfg = Debug|x64
		{17CDA932-F8C1-4B7A-A5A9-9766647A736D}.Debug|x64.Build.0 = Debug|x64
		{17CDA932-F8C1-4B7A-A5A9-9766647A736D}.Debug|x64.Deploy.0 = Debug|x64
		{17CDA932-F8C1-4B7A-A5A9-9766647A736D}.Debug|x86.ActiveCfg = Debug|x86
		{17CDA932-F8C1-4B7A-A5A9-9766647A736D}.Debug|x86.Build.0 = Debug|x86
		{17CDA932-F8C1-4B7A-A5A9-9766647A736D}.Debug|x86.Deploy.0 = Debug|x86
		{17CDA932-F8C1-4B7A-A5A9-9766647A736D}.Release|ARM.ActiveCfg = Release|ARM
		{17CDA932-F8C1-4B7A-A5A9-9766647A736D}.Release|ARM.Build.0 = Release|ARM
		{17CDA932-F8C1-4B7A-A5A9-9766647A736D}.Release|ARM.Deploy.0 = Release|ARM
		{17CDA932-F8C1-4B7A-A5A9-9766647A736D}.Release|ARM64.ActiveCfg = Release|ARM64
		{17CDA932-F8C1-4B7A-A5A9-9766647A736D}.Release|ARM64.Build.0 = Release|ARM64
		{17CDA932-F8C1-4B7A-A5A9-9766647A736D}.Release|ARM64.Deploy.0 = Release|ARM64
		{17CDA932-F8C1-4B7A-A5A9-9766647A736D}.Release|x64.ActiveCfg = Release|x64
		{17CDA932-F8C1-4B7A-A5A9-9766647A736D}.Release|x64.Build.0 = Release|x64
		{17CDA932-F8C1-4B7A-A5A9-9766647A736D}.Release|x64.Deploy.0 = Release|x64
		{17CDA932-F8C1-4B7A-A5A9-9766647A736D}.Release|x86.ActiveCfg = Release|x86
		{17CDA932-F8C1-4B7A-A5A9-9766647A736D}.Release|x86.Build.0 = Release|x86
		{17CDA932-F8C1-4B7A-A5A9-9766647A736D}.Release|x86.Deploy.0 = Release|x86
	EndGlobalSection
	GlobalSection(SolutionProperties) = preSolution
		HideSolutionNode = FALSE
	EndGlobalSection
	GlobalSection(ExtensibilityGlobals) = postSolution
		SolutionGuid = {C443F897-9DC5-4C08-81D2-CC51D90CEF39}
	EndGlobalSection
EndGlobal
